
Microsoft Visual Studio Solution File, Format Version 12.00
# Visual Studio 15
VisualStudioVersion = 15.0.28307.572
MinimumVisualStudioVersion = 10.0.40219.1
Project("{8BC9CEB8-8B4A-11D0-8D11-00A0C91BC942}") = "NoDesktopWM", "NoDesktopWM\NoDesktopWM.vcxproj", "{E633150E-617C-40A1-BA78-93E35D3B1850}"
EndProject
Project("{FAE04EC0-301F-11D3-BF4B-00C04F79EFBC}") = "NoDesktopWMUI", "NoDesktopWMUI\NoDesktopWMUI.csproj", "{48335EF1-D72D-4D96-BDE4-F180E428A30E}"
EndProject
Global
	GlobalSection(SolutionConfigurationPlatforms) = preSolution
		Debug|Any CPU = Debug|Any CPU
		Debug|x64 = Debug|x64
		Debug|x86 = Debug|x86
		Release|Any CPU = Release|Any CPU
		Release|x64 = Release|x64
		Release|x86 = Release|x86
	EndGlobalSection
	GlobalSection(ProjectConfigurationPlatforms) = postSolution
		{E633150E-617C-40A1-BA78-93E35D3B1850}.Debug|Any CPU.ActiveCfg = Debug|Win32
		{E633150E-617C-40A1-BA78-93E35D3B1850}.Debug|x64.ActiveCfg = Debug|x64
		{E633150E-617C-40A1-BA78-93E35D3B1850}.Debug|x64.Build.0 = Debug|x64
		{E633150E-617C-40A1-BA78-93E35D3B1850}.Debug|x86.ActiveCfg = Debug|Win32
		{E633150E-617C-40A1-BA78-93E35D3B1850}.Debug|x86.Build.0 = Debug|Win32
		{E633150E-617C-40A1-BA78-93E35D3B1850}.Release|Any CPU.ActiveCfg = Release|Win32
		{E633150E-617C-40A1-BA78-93E35D3B1850}.Release|x64.ActiveCfg = Release|x64
		{E633150E-617C-40A1-BA78-93E35D3B1850}.Release|x64.Build.0 = Release|x64
		{E633150E-617C-40A1-BA78-93E35D3B1850}.Release|x86.ActiveCfg = Release|Win32
		{E633150E-617C-40A1-BA78-93E35D3B1850}.Release|x86.Build.0 = Release|Win32
		{48335EF1-D72D-4D96-BDE4-F180E428A30E}.Debug|Any CPU.ActiveCfg = Debug|Any CPU
		{48335EF1-D72D-4D96-BDE4-F180E428A30E}.Debug|Any CPU.Build.0 = Debug|Any CPU
		{48335EF1-D72D-4D96-BDE4-F180E428A30E}.Debug|x64.ActiveCfg = Debug|Any CPU
		{48335EF1-D72D-4D96-BDE4-F180E428A30E}.Debug|x64.Build.0 = Debug|Any CPU
		{48335EF1-D72D-4D96-BDE4-F180E428A30E}.Debug|x86.ActiveCfg = Debug|Any CPU
		{48335EF1-D72D-4D96-BDE4-F180E428A30E}.Debug|x86.Build.0 = Debug|Any CPU
		{48335EF1-D72D-4D96-BDE4-F180E428A30E}.Release|Any CPU.ActiveCfg = Release|Any CPU
		{48335EF1-D72D-4D96-BDE4-F180E428A30E}.Release|Any CPU.Build.0 = Release|Any CPU
		{48335EF1-D72D-4D96-BDE4-F180E428A30E}.Release|x64.ActiveCfg = Release|Any CPU
		{48335EF1-D72D-4D96-BDE4-F180E428A30E}.Release|x64.Build.0 = Release|Any CPU
		{48335EF1-D72D-4D96-BDE4-F180E428A30E}.Release|x86.ActiveCfg = Release|Any CPU
		{48335EF1-D72D-4D96-BDE4-F180E428A30E}.Release|x86.Build.0 = Release|Any CPU
	EndGlobalSection
	GlobalSection(SolutionProperties) = preSolution
		HideSolutionNode = FALSE
	EndGlobalSection
	GlobalSection(ExtensibilityGlobals) = postSolution
		SolutionGuid = {DD6C8952-8696-4763-9A70-22F14921AC3D}
	EndGlobalSection
EndGlobal
